
Microsoft Visual Studio Solution File, Format Version 12.00
# Visual Studio 14
VisualStudioVersion = 14.0.25420.1
MinimumVisualStudioVersion = 10.0.40219.1
Project("{FAE04EC0-301F-11D3-BF4B-00C04F79EFBC}") = "Alma.Infra", "Alma.Infra\Alma.Infra.csproj", "{1F3D8A36-9402-46B6-80E1-F356F402206C}"
EndProject
Project("{FAE04EC0-301F-11D3-BF4B-00C04F79EFBC}") = "Alma.Dados.OrmNHibernate", "Alma.Dados.OrmNHibernate\Alma.Dados.OrmNHibernate.csproj", "{77C6F236-B4C2-48F9-B0E6-3068C75D8FE4}"
EndProject
Project("{2150E333-8FDC-42A3-9474-1A3956D46DE8}") = "Solution Items", "Solution Items", "{77367E95-703A-4F40-A564-697A833A375A}"
	ProjectSection(SolutionItems) = preProject
		GlobalAssemblyInfo.cs = GlobalAssemblyInfo.cs
	EndProjectSection
EndProject
Project("{FAE04EC0-301F-11D3-BF4B-00C04F79EFBC}") = "Alma.Dados", "Alma.Dados\Alma.Dados.csproj", "{36722228-B90A-4FA5-BD18-30BA8D700A45}"
EndProject
Global
	GlobalSection(SolutionConfigurationPlatforms) = preSolution
		Debug|Any CPU = Debug|Any CPU
		Release|Any CPU = Release|Any CPU
	EndGlobalSection
	GlobalSection(ProjectConfigurationPlatforms) = postSolution
		{1F3D8A36-9402-46B6-80E1-F356F402206C}.Debug|Any CPU.ActiveCfg = Debug|Any CPU
		{1F3D8A36-9402-46B6-80E1-F356F402206C}.Debug|Any CPU.Build.0 = Debug|Any CPU
		{1F3D8A36-9402-46B6-80E1-F356F402206C}.Release|Any CPU.ActiveCfg = Release|Any CPU
		{1F3D8A36-9402-46B6-80E1-F356F402206C}.Release|Any CPU.Build.0 = Release|Any CPU
		{77C6F236-B4C2-48F9-B0E6-3068C75D8FE4}.Debug|Any CPU.ActiveCfg = Debug|Any CPU
		{77C6F236-B4C2-48F9-B0E6-3068C75D8FE4}.Debug|Any CPU.Build.0 = Debug|Any CPU
		{77C6F236-B4C2-48F9-B0E6-3068C75D8FE4}.Release|Any CPU.ActiveCfg = Release|Any CPU
		{77C6F236-B4C2-48F9-B0E6-3068C75D8FE4}.Release|Any CPU.Build.0 = Release|Any CPU
		{36722228-B90A-4FA5-BD18-30BA8D700A45}.Debug|Any CPU.ActiveCfg = Debug|Any CPU
		{36722228-B90A-4FA5-BD18-30BA8D700A45}.Debug|Any CPU.Build.0 = Debug|Any CPU
		{36722228-B90A-4FA5-BD18-30BA8D700A45}.Release|Any CPU.ActiveCfg = Release|Any CPU
		{36722228-B90A-4FA5-BD18-30BA8D700A45}.Release|Any CPU.Build.0 = Release|Any CPU
	EndGlobalSection
	GlobalSection(SolutionProperties) = preSolution
		HideSolutionNode = FALSE
	EndGlobalSection
	GlobalSection(CodealikeProperties) = postSolution
		SolutionGuid = 0179f8c4-8e16-4ad2-bf90-da747ec2c051
	EndGlobalSection
EndGlobal
